<?xml version="1.0" encoding="utf-8"?>
<Project ToolsVersion="4.0" xmlns="http://schemas.microsoft.com/developer/msbuild/2003">
  <ItemGroup>
    <Filter Include="Source Files">
      <UniqueIdentifier>{4FC737F1-C7A5-4376-A066-2A32D752A2FF}</UniqueIdentifier>
      <Extensions>cpp;c;cc;cxx;def;odl;idl;hpj;bat;asm;asmx</Extensions>
    </Filter>
    <Filter Include="Header Files">
      <UniqueIdentifier>{93995380-89BD-4b04-88EB-625FBE52EBFB}</UniqueIdentifier>
      <Extensions>h;hpp;hxx;hm;inl;inc;xsd</Extensions>
    </Filter>
    <Filter Include="Octave">
      <UniqueIdentifier>{038b95b9-7fd2-4c28-a3c9-4981ab3ba74f}</UniqueIdentifier>
    </Filter>
  </ItemGroup>
  <ItemGroup>
    <ClCompile Include="source\bmp.c">
      <Filter>Source Files</Filter>
    </ClCompile>
    <ClCompile Include="source\hptime.c">
      <Filter>Source Files</Filter>
    </ClCompile>
    <ClCompile Include="source\main.c">
      <Filter>Source Files</Filter>
    </ClCompile>
    <ClCompile Include="source\test_convolve.c">
      <Filter>Source Files</Filter>
    </ClCompile>
    <ClCompile Include="source\test_decimate.c">
      <Filter>Source Files</Filter>
    </ClCompile>
    <ClCompile Include="source\test_ms_ssim.c">
      <Filter>Source Files</Filter>
    </ClCompile>
    <ClCompile Include="source\test_mse.c">
      <Filter>Source Files</Filter>
    </ClCompile>
    <ClCompile Include="source\test_psnr.c">
      <Filter>Source Files</Filter>
    </ClCompile>
    <ClCompile Include="source\test_ssim.c">
      <Filter>Source Files</Filter>
    </ClCompile>
  </ItemGroup>
  <ItemGroup>
    <ClInclude Include="include\bmp.h">
      <Filter>Header Files</Filter>
    </ClInclude>
    <ClInclude Include="include\hptime.h">
      <Filter>Header Files</Filter>
    </ClInclude>
    <ClInclude Include="include\test_convolve.h">
      <Filter>Header Files</Filter>
    </ClInclude>
    <ClInclude Include="include\test_decimate.h">
      <Filter>Header Files</Filter>
    </ClInclude>
    <ClInclude Include="include\test_ms_ssim.h">
      <Filter>Header Files</Filter>
    </ClInclude>
    <ClInclude Include="include\test_mse.h">
      <Filter>Header Files</Filter>
    </ClInclude>
    <ClInclude Include="include\test_psnr.h">
      <Filter>Header Files</Filter>
    </ClInclude>
    <ClInclude Include="include\test_ssim.h">
      <Filter>Header Files</Filter>
    </ClInclude>
  </ItemGroup>
  <ItemGroup>
    <None Include="octave\ms_ssim.m">
      <Filter>Octave</Filter>
    </None>
    <None Include="octave\ssim_single.m">
      <Filter>Octave</Filter>
    </None>
    <None Include="octave\test_convolve.m">
      <Filter>Octave</Filter>
    </None>
    <None Include="octave\test_decimate.m">
      <Filter>Octave</Filter>
    </None>
    <None Include="octave\test_ms_ssim.m">
      <Filter>Octave</Filter>
    </None>
    <None Include="octave\test_mse.m">
      <Filter>Octave</Filter>
    </None>
    <None Include="octave\test_psnr.m">
      <Filter>Octave</Filter>
    </None>
    <None Include="octave\test_ssim.m">
      <Filter>Octave</Filter>
    </None>
  </ItemGroup>
</Project>